{
    "_readme": [
        "This file locks the dependencies of your project to a known state",
        "Read more about it at http://getcomposer.org/doc/01-basic-usage.md#composer-lock-the-lock-file"
    ],
    "hash": "cf2f1f3366bd59d46edb8d199a2d5a84",
    "packages": [
        {
            "name": "symfony/console",
            "version": "2.2.x-dev",
            "target-dir": "Symfony/Component/Console",
            "source": {
                "type": "git",
                "url": "https://github.com/symfony/Console.git",
                "reference": "a18e75dc51abe4576f221f46e1f74057e3f2ed64"
            },
            "dist": {
                "type": "zip",
                "url": "https://api.github.com/repos/symfony/Console/zipball/a18e75dc51abe4576f221f46e1f74057e3f2ed64",
                "reference": "a18e75dc51abe4576f221f46e1f74057e3f2ed64",
                "shasum": ""
            },
            "require": {
                "php": ">=5.3.3"
            },
            "type": "library",
            "extra": {
                "branch-alias": {
                    "dev-master": "2.2-dev"
                }
            },
            "autoload": {
                "psr-0": {
                    "Symfony\\Component\\Console\\": ""
                }
            },
            "notification-url": "https://packagist.org/downloads/",
            "license": [
                "MIT"
            ],
            "authors": [
                {
                    "name": "Fabien Potencier",
                    "email": "fabien@symfony.com"
                },
                {
                    "name": "Symfony Community",
                    "homepage": "http://symfony.com/contributors"
                }
            ],
            "description": "Symfony Console Component",
            "homepage": "http://symfony.com",
            "time": "2013-04-17 05:27:14"
        },
        {
            "name": "watoki/collections",
            "version": "dev-master",
            "source": {
                "type": "git",
                "url": "https://github.com/watoki/collections.git",
                "reference": "730ee35376031d3d022761a05db81be5d0e51a15"
            },
            "dist": {
                "type": "zip",
                "url": "https://api.github.com/repos/watoki/collections/zipball/730ee35376031d3d022761a05db81be5d0e51a15",
                "reference": "730ee35376031d3d022761a05db81be5d0e51a15",
                "shasum": ""
            },
            "require": {
                "php": ">=5.3.2",
                "watoki/smokey": "*"
            },
            "type": "library",
            "autoload": {
                "psr-0": {
                    "spec\\watoki\\collections": "",
                    "watoki\\collections": "src/"
                }
            },
            "notification-url": "https://packagist.org/downloads/",
            "license": [
                "MIT"
            ],
            "authors": [
                {
                    "name": "Nikolas Martens",
                    "email": "Nikolas.M@rtens.org",
                    "homepage": "http://rtens.org"
                }
            ],
            "description": "Array wrapper for more structured collections for PHP",
            "homepage": "http://github.com/watoki/collections",
            "keywords": [
                "collection",
                "data structure",
                "watoki"
            ],
            "time": "2013-04-19 09:47:59"
        },
        {
            "name": "watoki/curir",
            "version": "dev-master",
            "source": {
                "type": "git",
                "url": "https://github.com/watoki/curir.git",
                "reference": "4b0906753ed650273289a06a02a068cd55250440"
            },
            "dist": {
                "type": "zip",
                "url": "https://api.github.com/repos/watoki/curir/zipball/4b0906753ed650273289a06a02a068cd55250440",
                "reference": "4b0906753ed650273289a06a02a068cd55250440",
                "shasum": ""
            },
            "require": {
                "php": ">=5.3.8",
                "watoki/collections": "*",
                "watoki/dom": "*",
                "watoki/factory": "*"
            },
            "type": "library",
            "autoload": {
                "psr-0": {
                    "watoki\\curir": "src/",
                    "spec\\watoki\\curir": ""
                }
            },
            "notification-url": "https://packagist.org/downloads/",
            "license": [
                "MIT"
            ],
            "authors": [
                {
                    "name": "Nikolas Martens",
                    "email": "Nikolas.M@rtens.org",
                    "homepage": "http://rtens.org"
                }
            ],
            "description": "Modular web delivery system for PHP applications",
            "homepage": "http://github.com/watoki/curir",
            "keywords": [
                "controller",
                "modular",
                "mvc",
                "watoki"
            ],
            "time": "2013-04-19 12:49:14"
        },
        {
            "name": "watoki/dom",
            "version": "dev-master",
            "source": {
                "type": "git",
                "url": "https://github.com/watoki/dom.git",
                "reference": "3a45110ea6def05eb0a32e4c6f603e58346e5cd9"
            },
            "dist": {
                "type": "zip",
                "url": "https://api.github.com/repos/watoki/dom/zipball/3a45110ea6def05eb0a32e4c6f603e58346e5cd9",
                "reference": "3a45110ea6def05eb0a32e4c6f603e58346e5cd9",
                "shasum": ""
            },
            "require": {
                "php": ">=5.3.8",
                "watoki/collections": "*"
            },
            "type": "library",
            "autoload": {
                "psr-0": {
                    "watoki\\dom": "src/",
                    "spec\\watoki\\dom": ""
                }
            },
            "notification-url": "https://packagist.org/downloads/",
            "license": [
                "MIT"
            ],
            "authors": [
                {
                    "name": "Nikolas Martens",
                    "email": "Nikolas.M@rtens.org",
                    "homepage": "http://rtens.org"
                }
            ],
            "description": "A minimal (X)HTML/XML parser for PHP",
            "homepage": "http://github.com/watoki/dom",
            "keywords": [
                "parser",
                "watoki"
            ],
            "time": "2013-04-20 08:50:09"
        },
        {
            "name": "watoki/factory",
            "version": "dev-master",
            "source": {
                "type": "git",
                "url": "https://github.com/watoki/factory.git",
                "reference": "3c584976a8c6f947e7618e5f12d7fef4268057f9"
            },
            "dist": {
                "type": "zip",
                "url": "https://api.github.com/repos/watoki/factory/zipball/3c584976a8c6f947e7618e5f12d7fef4268057f9",
                "reference": "3c584976a8c6f947e7618e5f12d7fef4268057f9",
                "shasum": ""
            },
            "require": {
                "php": ">=5.3.8"
            },
            "type": "library",
            "autoload": {
                "psr-0": {
                    "watoki\\factory": "src/",
                    "spec\\watoki\\factory": ""
                }
            },
            "notification-url": "https://packagist.org/downloads/",
            "license": [
                "MIT"
            ],
            "authors": [
                {
                    "name": "Nikolas Martens",
                    "email": "Nikolas.M@rtens.org",
                    "homepage": "http://rtens.org"
                }
            ],
            "description": "A simple dependency injection container for PHP",
            "homepage": "http://github.com/watoki/factory",
            "keywords": [
                "dependency injection",
                "watoki"
            ],
            "time": "2013-04-16 10:25:59"
        },
        {
            "name": "watoki/smokey",
            "version": "dev-master",
            "source": {
                "type": "git",
                "url": "https://github.com/watoki/smokey.git",
                "reference": "ea146faf54720b74df22a2602500420b6cc844fb"
            },
            "dist": {
                "type": "zip",
                "url": "https://api.github.com/repos/watoki/smokey/zipball/ea146faf54720b74df22a2602500420b6cc844fb",
                "reference": "ea146faf54720b74df22a2602500420b6cc844fb",
                "shasum": ""
            },
            "require": {
                "php": ">=5.3.2"
            },
            "type": "library",
            "autoload": {
                "psr-0": {
                    "spec\\watoki\\smokey": "",
                    "watoki\\smokey": "src/"
                }
            },
            "notification-url": "https://packagist.org/downloads/",
            "license": [
                "MIT"
            ],
            "authors": [
                {
                    "name": "Nikolas Martens",
                    "email": "Nikolas.M@rtens.org",
                    "homepage": "http://rtens.org"
                }
            ],
            "description": "Simple runtime event dispatcher for PHP",
            "homepage": "http://github.com/watoki/smokey",
            "keywords": [
                "event",
                "event dispatcher",
                "watoki"
            ],
            "time": "2013-03-05 08:49:27"
        },
        {
            "name": "watoki/stache",
            "version": "dev-master",
            "source": {
                "type": "git",
                "url": "https://github.com/watoki/stache.git",
                "reference": "02c7bb025bed85ce6fe294e59970b262b01a0db1"
            },
            "dist": {
                "type": "zip",
                "url": "https://api.github.com/repos/watoki/stache/zipball/02c7bb025bed85ce6fe294e59970b262b01a0db1",
                "reference": "02c7bb025bed85ce6fe294e59970b262b01a0db1",
                "shasum": ""
            },
            "require": {
                "php": ">=5.3.2",
                "watoki/collections": "*"
            },
            "type": "library",
            "autoload": {
                "psr-0": {
                    "watoki\\stache": "src/",
                    "spec\\watoki\\stache": ""
                }
            },
            "notification-url": "https://packagist.org/downloads/",
            "license": [
                "MIT"
            ],
            "authors": [
                {
                    "name": "Nikolas Martens",
                    "email": "Nikolas.M@rtens.org",
                    "homepage": "http://rtens.org"
                }
            ],
            "description": "Simple Mustache-like rendering for PHP",
            "homepage": "http://github.com/watoki/stache",
            "keywords": [
                "Rendering",
                "template",
                "watoki"
            ],
            "time": "2013-03-05 08:49:26"
        },
        {
            "name": "watoki/stepper",
            "version": "dev-master",
            "source": {
                "type": "git",
                "url": "https://github.com/watoki/stepper.git",
                "reference": "9e0f615e5b081ebb9aae3be19ef10f82086049bd"
            },
            "dist": {
                "type": "zip",
                "url": "https://api.github.com/repos/watoki/stepper/zipball/9e0f615e5b081ebb9aae3be19ef10f82086049bd",
                "reference": "9e0f615e5b081ebb9aae3be19ef10f82086049bd",
                "shasum": ""
            },
            "require": {
                "php": ">=5.3.8",
                "symfony/console": "2.2.*",
                "watoki/factory": "*"
            },
            "require-dev": {
                "rtens/mockster": "1.*"
            },
            "type": "library",
            "autoload": {
                "psr-0": {
                    "watoki\\stepper": "src/",
                    "spec\\watoki\\stepper": ""
                }
            },
            "notification-url": "https://packagist.org/downloads/",
            "license": [
                "MIT"
            ],
            "authors": [
                {
                    "name": "Nikolas Martens",
                    "email": "Nikolas.M@rtens.org",
                    "homepage": "http://rtens.org"
                }
            ],
            "description": "A minimal migration tool for PHP.",
            "homepage": "http://github.com/watoki/stepper",
            "keywords": [
                "migration",
                "watoki"
            ],
            "time": "2013-04-18 14:17:58"
        },
        {
            "name": "watoki/tempan",
            "version": "dev-master",
            "source": {
                "type": "git",
                "url": "https://github.com/watoki/tempan.git",
                "reference": "6db7e3b912503bb384b0e4218dc4af37d7569e76"
            },
            "dist": {
                "type": "zip",
                "url": "https://api.github.com/repos/watoki/tempan/zipball/6db7e3b912503bb384b0e4218dc4af37d7569e76",
                "reference": "6db7e3b912503bb384b0e4218dc4af37d7569e76",
                "shasum": ""
            },
            "require": {
                "php": ">=5.3.8",
                "watoki/collections": "*",
                "watoki/dom": "*"
            },
            "type": "library",
            "autoload": {
                "psr-0": {
                    "watoki\\tempan": "src/",
                    "spec\\watoki\\tempan": ""
                }
            },
            "notification-url": "https://packagist.org/downloads/",
            "license": [
                "MIT"
            ],
            "authors": [
                {
                    "name": "Nikolas Martens",
                    "email": "Nikolas.M@rtens.org",
                    "homepage": "http://rtens.org"
                }
            ],
            "description": "Template animation engine using annotated HTML for PHP",
            "homepage": "http://github.com/watoki/tempan",
            "keywords": [
                "rdfa",
                "template",
                "template animation",
                "watoki"
            ],
            "time": "2013-04-19 12:00:38"
        }
    ],
    "packages-dev": [
        {
            "name": "rtens/mockster",
            "version": "1.1.2",
            "source": {
                "type": "git",
                "url": "https://github.com/rtens/mockster.git",
                "reference": "1.1.2"
            },
            "dist": {
                "type": "zip",
                "url": "https://api.github.com/repos/rtens/mockster/zipball/1.1.2",
                "reference": "1.1.2",
                "shasum": ""
            },
            "require": {
                "php": ">=5.3.2"
            },
            "type": "library",
            "autoload": {
                "psr-0": {
                    "rtens\\mockster": "src/",
                    "spec\\rtens\\mockster": ""
                }
            },
            "notification-url": "https://packagist.org/downloads/",
            "license": [
                "MIT"
            ],
            "authors": [
                {
                    "name": "Nikolas Martens",
                    "email": "Nikolas.M@rtens.org",
                    "homepage": "http://rtens.org"
                }
            ],
            "description": "PHP Mocking framework",
            "homepage": "http://github.com/rtens/mockster",
            "keywords": [
                "BDD",
                "mock",
                "mocking",
                "unit testing"
            ],
            "time": "2013-04-10 14:03:39"
        }
    ],
    "aliases": [

    ],
    "minimum-stability": "dev",
    "stability-flags": [

    ],
    "platform": {
        "php": ">=5.3.8"
    },
    "platform-dev": [

    ]
}
